{
  "name": "ionic4-hidenav",
  "version": "1.0.0",
  "lockfileVersion": 1,
  "requires": true,
  "dependencies": {
    "@ionic-super-tabs/angular": {
      "version": "6.1.2",
      "resolved": "https://registry.npmjs.org/@ionic-super-tabs/angular/-/angular-6.1.2.tgz",
      "integrity": "sha512-aKWILzGu8/ju6Lm/M3iWIRmvtJnMdzcev88BKJlnXf8UCW7+ujLiECHUw62/3zTr6h6gM0HH0LquQy8hRy8KtA==",
      "requires": {
        "@ionic-super-tabs/core": "^6.1.2",
        "tslib": "^1.9.0"
      }
    },
    "@ionic-super-tabs/core": {
      "version": "6.1.2",
      "resolved": "https://registry.npmjs.org/@ionic-super-tabs/core/-/core-6.1.2.tgz",
      "integrity": "sha512-W9ATYhvMR4d9CF6lH6kdh91yX7traEYzQZJVx8B6SGUtPyMx4UchbixibhpEtLBM0nwS5GTb3UC/4tAIG8/Cag=="
    },
    "@ionic/angular": {
      "version": "4.11.13",
      "resolved": "https://registry.npmjs.org/@ionic/angular/-/angular-4.11.13.tgz",
      "integrity": "sha512-ly/lA8INx0Ai1T5vJsYqzU02jHntow3KY5jF3QqyInq2tPYCXEggo8QvKl9AJzwEvmIJyLyBUf5OEUup1MSODw==",
      "dev": true,
      "requires": {
        "@ionic/core": "4.11.13",
        "tslib": "^1.9.3"
      }
    },
    "@ionic/core": {
      "version": "4.11.13",
      "resolved": "https://registry.npmjs.org/@ionic/core/-/core-4.11.13.tgz",
      "integrity": "sha512-EGin45jCjds4P1AvriujxzpIXKQzQrPQyQAgEEwUybhMNcU/9xC1sf2inG1IwMVdsc6XRBYjWvtqMPWxTWmeCw==",
      "dev": true,
      "requires": {
        "ionicons": "^4.6.3",
        "tslib": "^1.10.0"
      },
      "dependencies": {
        "tslib": {
          "version": "1.14.1",
          "resolved": "https://registry.npmjs.org/tslib/-/tslib-1.14.1.tgz",
          "integrity": "sha512-Xni35NKzjgMrwevysHTCArtLDpPvye8zV/0E4EyYn43P7/7qvQwPh9BGkHewbMulVntbigmcT7rdX3BNo9wRJg==",
          "dev": true
        }
      }
    },
    "ionicons": {
      "version": "4.6.3",
      "resolved": "https://registry.npmjs.org/ionicons/-/ionicons-4.6.3.tgz",
      "integrity": "sha512-cgP+VIr2cTJpMfFyVHTerq6n2jeoiGboVoe3GlaAo5zoSBDAEXORwUZhv6m+lCyxlsHCS3nqPUE+MKyZU71t8Q==",
      "dev": true
    },
    "jquery": {
      "version": "3.5.0",
      "resolved": "https://registry.npmjs.org/jquery/-/jquery-3.5.0.tgz",
      "integrity": "sha512-Xb7SVYMvygPxbFMpTFQiHh1J7HClEaThguL15N/Gg37Lri/qKyhRGZYzHRyLH8Stq3Aow0LsHO2O2ci86fCrNQ=="
    },
    "tslib": {
      "version": "1.9.3",
      "resolved": "https://registry.npmjs.org/tslib/-/tslib-1.9.3.tgz",
      "integrity": "sha512-4krF8scpejhaOgqzBEcGM7yDIEfi0/8+8zDRZhNZZ2kjmHJ4hv3zCbQWxoJGz1iw5U0Jl0nma13xzHXcncMavQ=="
    }
  }
}
