{
  "name": "ionic4-hidenav",
  "version": "0.1.5",
  "lockfileVersion": 1,
  "requires": true,
  "dependencies": {
    "@ionic-super-tabs/angular": {
      "version": "6.1.2",
      "resolved": "https://registry.npmjs.org/@ionic-super-tabs/angular/-/angular-6.1.2.tgz",
      "integrity": "sha512-aKWILzGu8/ju6Lm/M3iWIRmvtJnMdzcev88BKJlnXf8UCW7+ujLiECHUw62/3zTr6h6gM0HH0LquQy8hRy8KtA==",
      "requires": {
        "@ionic-super-tabs/core": "^6.1.2",
        "tslib": "^1.9.0"
      }
    },
    "@ionic-super-tabs/core": {
      "version": "6.1.2",
      "resolved": "https://registry.npmjs.org/@ionic-super-tabs/core/-/core-6.1.2.tgz",
      "integrity": "sha512-W9ATYhvMR4d9CF6lH6kdh91yX7traEYzQZJVx8B6SGUtPyMx4UchbixibhpEtLBM0nwS5GTb3UC/4tAIG8/Cag=="
    },
    "@ionic/angular": {
      "version": "4.2.0",
      "resolved": "https://registry.npmjs.org/@ionic/angular/-/angular-4.2.0.tgz",
      "integrity": "sha512-ALZNxEZjkBJDyLH0mqcZQsgi9yUWB8uW2u6kg6ZjjSGf6atQL1IhOt+tTvdE98GWoNwFghNmdg9IFCFjUhANjw==",
      "dev": true,
      "requires": {
        "@ionic/core": "4.2.0",
        "tslib": "^1.9.3"
      }
    },
    "@ionic/core": {
      "version": "4.2.0",
      "resolved": "https://registry.npmjs.org/@ionic/core/-/core-4.2.0.tgz",
      "integrity": "sha512-JGnx8NV9z3Bgg/Ds/uEe4PPwp/UWnxqU35koByWZcyDpdb1WTwF8b4iJA8QGoj2DWEyFx7qt3c/bw3Zk/F7JPw==",
      "dev": true,
      "requires": {
        "ionicons": "4.5.5"
      }
    },
    "ionicons": {
      "version": "4.5.5",
      "resolved": "https://registry.npmjs.org/ionicons/-/ionicons-4.5.5.tgz",
      "integrity": "sha512-dIGI73XG6Fg2Ps77ry5Ywe36Pq7wUGkDkl0pBhC4uhsiyoW+oXe+pplmarXEnKEcB5fmlkRrBOxYYzZaoRiUGw==",
      "dev": true
    },
    "jquery": {
      "version": "3.4.0",
      "resolved": "https://registry.npmjs.org/jquery/-/jquery-3.4.0.tgz",
      "integrity": "sha512-ggRCXln9zEqv6OqAGXFEcshF5dSBvCkzj6Gm2gzuR5fWawaX8t7cxKVkkygKODrDAzKdoYw3l/e3pm3vlT4IbQ=="
    },
    "tslib": {
      "version": "1.9.3",
      "resolved": "https://registry.npmjs.org/tslib/-/tslib-1.9.3.tgz",
      "integrity": "sha512-4krF8scpejhaOgqzBEcGM7yDIEfi0/8+8zDRZhNZZ2kjmHJ4hv3zCbQWxoJGz1iw5U0Jl0nma13xzHXcncMavQ=="
    }
  }
}
